
Microsoft Visual Studio Solution File, Format Version 12.00
# Visual Studio Version 17
VisualStudioVersion = 17.0.31903.59
MinimumVisualStudioVersion = 10.0.40219.1
Project("{2150E333-8FDC-42A3-9474-1A3956D46DE8}") = "src", "src", "{827E0CD3-B72D-47B6-A68D-7590B98EB39B}"
EndProject
Project("{FAE04EC0-301F-11D3-BF4B-00C04F79EFBC}") = "Lash.Compiler", "src\Lash.Compiler\Lash.Compiler.csproj", "{66D954F1-1DE7-4BF9-8603-0A373B0D8119}"
EndProject
Project("{FAE04EC0-301F-11D3-BF4B-00C04F79EFBC}") = "Lash.Cli", "src\Lash.Cli\Lash.Cli.csproj", "{7932A396-CCD0-48FC-90AC-EE4FB894BF97}"
EndProject
Project("{2150E333-8FDC-42A3-9474-1A3956D46DE8}") = "tests", "tests", "{0AB3BF05-4346-4AA6-1389-037BE0695223}"
EndProject
Project("{FAE04EC0-301F-11D3-BF4B-00C04F79EFBC}") = "Lash.Compiler.Tests", "tests\Lash.Compiler.Tests\Lash.Compiler.Tests.csproj", "{BDCD9D9D-16C9-4D13-882D-C80168C80233}"
EndProject
Project("{FAE04EC0-301F-11D3-BF4B-00C04F79EFBC}") = "Lash.Formatter", "src\Lash.Formatter\Lash.Formatter.csproj", "{10E55A2C-A77E-41F6-980F-1990F9C73322}"
EndProject
Project("{FAE04EC0-301F-11D3-BF4B-00C04F79EFBC}") = "Lash.Formatter.Tests", "tests\Lash.Formatter.Tests\Lash.Formatter.Tests.csproj", "{10BBA5A0-745F-4352-94CF-3D47E72859B7}"
EndProject
Project("{FAE04EC0-301F-11D3-BF4B-00C04F79EFBC}") = "Lash.Lsp", "src\Lash.Lsp\Lash.Lsp.csproj", "{0E1B4555-AF79-4AE9-9DC9-35757B2D7B3D}"
EndProject
Global
	GlobalSection(SolutionConfigurationPlatforms) = preSolution
		Debug|Any CPU = Debug|Any CPU
		Debug|x64 = Debug|x64
		Debug|x86 = Debug|x86
		Release|Any CPU = Release|Any CPU
		Release|x64 = Release|x64
		Release|x86 = Release|x86
	EndGlobalSection
	GlobalSection(ProjectConfigurationPlatforms) = postSolution
		{66D954F1-1DE7-4BF9-8603-0A373B0D8119}.Debug|Any CPU.ActiveCfg = Debug|Any CPU
		{66D954F1-1DE7-4BF9-8603-0A373B0D8119}.Debug|Any CPU.Build.0 = Debug|Any CPU
		{66D954F1-1DE7-4BF9-8603-0A373B0D8119}.Debug|x64.ActiveCfg = Debug|Any CPU
		{66D954F1-1DE7-4BF9-8603-0A373B0D8119}.Debug|x64.Build.0 = Debug|Any CPU
		{66D954F1-1DE7-4BF9-8603-0A373B0D8119}.Debug|x86.ActiveCfg = Debug|Any CPU
		{66D954F1-1DE7-4BF9-8603-0A373B0D8119}.Debug|x86.Build.0 = Debug|Any CPU
		{66D954F1-1DE7-4BF9-8603-0A373B0D8119}.Release|Any CPU.ActiveCfg = Release|Any CPU
		{66D954F1-1DE7-4BF9-8603-0A373B0D8119}.Release|Any CPU.Build.0 = Release|Any CPU
		{66D954F1-1DE7-4BF9-8603-0A373B0D8119}.Release|x64.ActiveCfg = Release|Any CPU
		{66D954F1-1DE7-4BF9-8603-0A373B0D8119}.Release|x64.Build.0 = Release|Any CPU
		{66D954F1-1DE7-4BF9-8603-0A373B0D8119}.Release|x86.ActiveCfg = Release|Any CPU
		{66D954F1-1DE7-4BF9-8603-0A373B0D8119}.Release|x86.Build.0 = Release|Any CPU
		{7932A396-CCD0-48FC-90AC-EE4FB894BF97}.Debug|Any CPU.ActiveCfg = Debug|Any CPU
		{7932A396-CCD0-48FC-90AC-EE4FB894BF97}.Debug|Any CPU.Build.0 = Debug|Any CPU
		{7932A396-CCD0-48FC-90AC-EE4FB894BF97}.Debug|x64.ActiveCfg = Debug|Any CPU
		{7932A396-CCD0-48FC-90AC-EE4FB894BF97}.Debug|x64.Build.0 = Debug|Any CPU
		{7932A396-CCD0-48FC-90AC-EE4FB894BF97}.Debug|x86.ActiveCfg = Debug|Any CPU
		{7932A396-CCD0-48FC-90AC-EE4FB894BF97}.Debug|x86.Build.0 = Debug|Any CPU
		{7932A396-CCD0-48FC-90AC-EE4FB894BF97}.Release|Any CPU.ActiveCfg = Release|Any CPU
		{7932A396-CCD0-48FC-90AC-EE4FB894BF97}.Release|Any CPU.Build.0 = Release|Any CPU
		{7932A396-CCD0-48FC-90AC-EE4FB894BF97}.Release|x64.ActiveCfg = Release|Any CPU
		{7932A396-CCD0-48FC-90AC-EE4FB894BF97}.Release|x64.Build.0 = Release|Any CPU
		{7932A396-CCD0-48FC-90AC-EE4FB894BF97}.Release|x86.ActiveCfg = Release|Any CPU
		{7932A396-CCD0-48FC-90AC-EE4FB894BF97}.Release|x86.Build.0 = Release|Any CPU
		{BDCD9D9D-16C9-4D13-882D-C80168C80233}.Debug|Any CPU.ActiveCfg = Debug|Any CPU
		{BDCD9D9D-16C9-4D13-882D-C80168C80233}.Debug|Any CPU.Build.0 = Debug|Any CPU
		{BDCD9D9D-16C9-4D13-882D-C80168C80233}.Debug|x64.ActiveCfg = Debug|Any CPU
		{BDCD9D9D-16C9-4D13-882D-C80168C80233}.Debug|x64.Build.0 = Debug|Any CPU
		{BDCD9D9D-16C9-4D13-882D-C80168C80233}.Debug|x86.ActiveCfg = Debug|Any CPU
		{BDCD9D9D-16C9-4D13-882D-C80168C80233}.Debug|x86.Build.0 = Debug|Any CPU
		{BDCD9D9D-16C9-4D13-882D-C80168C80233}.Release|Any CPU.ActiveCfg = Release|Any CPU
		{BDCD9D9D-16C9-4D13-882D-C80168C80233}.Release|Any CPU.Build.0 = Release|Any CPU
		{BDCD9D9D-16C9-4D13-882D-C80168C80233}.Release|x64.ActiveCfg = Release|Any CPU
		{BDCD9D9D-16C9-4D13-882D-C80168C80233}.Release|x64.Build.0 = Release|Any CPU
		{BDCD9D9D-16C9-4D13-882D-C80168C80233}.Release|x86.ActiveCfg = Release|Any CPU
		{BDCD9D9D-16C9-4D13-882D-C80168C80233}.Release|x86.Build.0 = Release|Any CPU
		{10E55A2C-A77E-41F6-980F-1990F9C73322}.Debug|Any CPU.ActiveCfg = Debug|Any CPU
		{10E55A2C-A77E-41F6-980F-1990F9C73322}.Debug|Any CPU.Build.0 = Debug|Any CPU
		{10E55A2C-A77E-41F6-980F-1990F9C73322}.Debug|x64.ActiveCfg = Debug|Any CPU
		{10E55A2C-A77E-41F6-980F-1990F9C73322}.Debug|x64.Build.0 = Debug|Any CPU
		{10E55A2C-A77E-41F6-980F-1990F9C73322}.Debug|x86.ActiveCfg = Debug|Any CPU
		{10E55A2C-A77E-41F6-980F-1990F9C73322}.Debug|x86.Build.0 = Debug|Any CPU
		{10E55A2C-A77E-41F6-980F-1990F9C73322}.Release|Any CPU.ActiveCfg = Release|Any CPU
		{10E55A2C-A77E-41F6-980F-1990F9C73322}.Release|Any CPU.Build.0 = Release|Any CPU
		{10E55A2C-A77E-41F6-980F-1990F9C73322}.Release|x64.ActiveCfg = Release|Any CPU
		{10E55A2C-A77E-41F6-980F-1990F9C73322}.Release|x64.Build.0 = Release|Any CPU
		{10E55A2C-A77E-41F6-980F-1990F9C73322}.Release|x86.ActiveCfg = Release|Any CPU
		{10E55A2C-A77E-41F6-980F-1990F9C73322}.Release|x86.Build.0 = Release|Any CPU
		{10BBA5A0-745F-4352-94CF-3D47E72859B7}.Debug|Any CPU.ActiveCfg = Debug|Any CPU
		{10BBA5A0-745F-4352-94CF-3D47E72859B7}.Debug|Any CPU.Build.0 = Debug|Any CPU
		{10BBA5A0-745F-4352-94CF-3D47E72859B7}.Debug|x64.ActiveCfg = Debug|Any CPU
		{10BBA5A0-745F-4352-94CF-3D47E72859B7}.Debug|x64.Build.0 = Debug|Any CPU
		{10BBA5A0-745F-4352-94CF-3D47E72859B7}.Debug|x86.ActiveCfg = Debug|Any CPU
		{10BBA5A0-745F-4352-94CF-3D47E72859B7}.Debug|x86.Build.0 = Debug|Any CPU
		{10BBA5A0-745F-4352-94CF-3D47E72859B7}.Release|Any CPU.ActiveCfg = Release|Any CPU
		{10BBA5A0-745F-4352-94CF-3D47E72859B7}.Release|Any CPU.Build.0 = Release|Any CPU
		{10BBA5A0-745F-4352-94CF-3D47E72859B7}.Release|x64.ActiveCfg = Release|Any CPU
		{10BBA5A0-745F-4352-94CF-3D47E72859B7}.Release|x64.Build.0 = Release|Any CPU
		{10BBA5A0-745F-4352-94CF-3D47E72859B7}.Release|x86.ActiveCfg = Release|Any CPU
		{10BBA5A0-745F-4352-94CF-3D47E72859B7}.Release|x86.Build.0 = Release|Any CPU
		{0E1B4555-AF79-4AE9-9DC9-35757B2D7B3D}.Debug|Any CPU.ActiveCfg = Debug|Any CPU
		{0E1B4555-AF79-4AE9-9DC9-35757B2D7B3D}.Debug|Any CPU.Build.0 = Debug|Any CPU
		{0E1B4555-AF79-4AE9-9DC9-35757B2D7B3D}.Debug|x64.ActiveCfg = Debug|Any CPU
		{0E1B4555-AF79-4AE9-9DC9-35757B2D7B3D}.Debug|x64.Build.0 = Debug|Any CPU
		{0E1B4555-AF79-4AE9-9DC9-35757B2D7B3D}.Debug|x86.ActiveCfg = Debug|Any CPU
		{0E1B4555-AF79-4AE9-9DC9-35757B2D7B3D}.Debug|x86.Build.0 = Debug|Any CPU
		{0E1B4555-AF79-4AE9-9DC9-35757B2D7B3D}.Release|Any CPU.ActiveCfg = Release|Any CPU
		{0E1B4555-AF79-4AE9-9DC9-35757B2D7B3D}.Release|Any CPU.Build.0 = Release|Any CPU
		{0E1B4555-AF79-4AE9-9DC9-35757B2D7B3D}.Release|x64.ActiveCfg = Release|Any CPU
		{0E1B4555-AF79-4AE9-9DC9-35757B2D7B3D}.Release|x64.Build.0 = Release|Any CPU
		{0E1B4555-AF79-4AE9-9DC9-35757B2D7B3D}.Release|x86.ActiveCfg = Release|Any CPU
		{0E1B4555-AF79-4AE9-9DC9-35757B2D7B3D}.Release|x86.Build.0 = Release|Any CPU
	EndGlobalSection
	GlobalSection(SolutionProperties) = preSolution
		HideSolutionNode = FALSE
	EndGlobalSection
	GlobalSection(NestedProjects) = preSolution
		{66D954F1-1DE7-4BF9-8603-0A373B0D8119} = {827E0CD3-B72D-47B6-A68D-7590B98EB39B}
		{7932A396-CCD0-48FC-90AC-EE4FB894BF97} = {827E0CD3-B72D-47B6-A68D-7590B98EB39B}
		{BDCD9D9D-16C9-4D13-882D-C80168C80233} = {0AB3BF05-4346-4AA6-1389-037BE0695223}
		{10E55A2C-A77E-41F6-980F-1990F9C73322} = {827E0CD3-B72D-47B6-A68D-7590B98EB39B}
		{10BBA5A0-745F-4352-94CF-3D47E72859B7} = {0AB3BF05-4346-4AA6-1389-037BE0695223}
		{0E1B4555-AF79-4AE9-9DC9-35757B2D7B3D} = {827E0CD3-B72D-47B6-A68D-7590B98EB39B}
	EndGlobalSection
EndGlobal
